// !$*UTF8*$!
{
	archiveVersion = 1;
	classes = {
	};
	objectVersion = 55;
	objects = {

/* Begin PBXBuildFile section */
		AC0FA9FD2850AAA300707CFA /* ValidationExtension.swift in Sources */ = {isa = PBXBuildFile; fileRef = AC0FA9FC2850AAA300707CFA /* ValidationExtension.swift */; };
		AC5708C5283F834F0013F420 /* ExpenseCard.swift in Sources */ = {isa = PBXBuildFile; fileRef = AC5708C4283F834F0013F420 /* ExpenseCard.swift */; };
		AC5708CB283F94B30013F420 /* FilteringDetailView.swift in Sources */ = {isa = PBXBuildFile; fileRef = AC5708CA283F94B30013F420 /* FilteringDetailView.swift */; };
		AC576268283E01AE0050A4F4 /* TabCurveView.swift in Sources */ = {isa = PBXBuildFile; fileRef = AC576267283E01AE0050A4F4 /* TabCurveView.swift */; };
		AC57626D283E1A020050A4F4 /* Expense.swift in Sources */ = {isa = PBXBuildFile; fileRef = AC57626C283E1A020050A4F4 /* Expense.swift */; };
		AC57626F283E1CB50050A4F4 /* ExpenseViewModel.swift in Sources */ = {isa = PBXBuildFile; fileRef = AC57626E283E1CB50050A4F4 /* ExpenseViewModel.swift */; };
		AC576271283E3DE50050A4F4 /* TransactionCardView.swift in Sources */ = {isa = PBXBuildFile; fileRef = AC576270283E3DE50050A4F4 /* TransactionCardView.swift */; };
		AC6586562845FF2800E61423 /* CircleTabBar.swift in Sources */ = {isa = PBXBuildFile; fileRef = AC6586552845FF2800E61423 /* CircleTabBar.swift */; };
		AC76565728802ECE005B917A /* TransactionSearchView.swift in Sources */ = {isa = PBXBuildFile; fileRef = AC76565628802ECE005B917A /* TransactionSearchView.swift */; };
		AC7761212840A9380032A8A1 /* NewExpense.swift in Sources */ = {isa = PBXBuildFile; fileRef = AC7761202840A9380032A8A1 /* NewExpense.swift */; };
		AC7761232840B4900032A8A1 /* CustomSegmentedView.swift in Sources */ = {isa = PBXBuildFile; fileRef = AC7761222840B4900032A8A1 /* CustomSegmentedView.swift */; };
		AC78FDDC287948850090F2F4 /* AppBAr.swift in Sources */ = {isa = PBXBuildFile; fileRef = AC78FDDB287948850090F2F4 /* AppBAr.swift */; };
		AC78FDE2287961190090F2F4 /* Task.swift in Sources */ = {isa = PBXBuildFile; fileRef = AC78FDE1287961190090F2F4 /* Task.swift */; };
		AC78FDE42879613C0090F2F4 /* TaskViewModel.swift in Sources */ = {isa = PBXBuildFile; fileRef = AC78FDE32879613C0090F2F4 /* TaskViewModel.swift */; };
		AC78FDE62879614B0090F2F4 /* TaskListView.swift in Sources */ = {isa = PBXBuildFile; fileRef = AC78FDE52879614B0090F2F4 /* TaskListView.swift */; };
		AC78FDE8287961550090F2F4 /* SortPickerView.swift in Sources */ = {isa = PBXBuildFile; fileRef = AC78FDE7287961550090F2F4 /* SortPickerView.swift */; };
		AC78FDEA2879615E0090F2F4 /* AddTaskView.swift in Sources */ = {isa = PBXBuildFile; fileRef = AC78FDE92879615E0090F2F4 /* AddTaskView.swift */; };
		AC78FDEC287961650090F2F4 /* TaskSearchView.swift in Sources */ = {isa = PBXBuildFile; fileRef = AC78FDEB287961650090F2F4 /* TaskSearchView.swift */; };
		AC78FDEE2879617E0090F2F4 /* TaskView.swift in Sources */ = {isa = PBXBuildFile; fileRef = AC78FDED2879617E0090F2F4 /* TaskView.swift */; };
		AC78FDF0287961A20090F2F4 /* MainViewModifier.swift in Sources */ = {isa = PBXBuildFile; fileRef = AC78FDEF287961A20090F2F4 /* MainViewModifier.swift */; };
		AC78FDF2287961B80090F2F4 /* KeyBoardExtension.swift in Sources */ = {isa = PBXBuildFile; fileRef = AC78FDF1287961B80090F2F4 /* KeyBoardExtension.swift */; };
		AC78FDF4287962090090F2F4 /* TaskMainView.swift in Sources */ = {isa = PBXBuildFile; fileRef = AC78FDF3287962090090F2F4 /* TaskMainView.swift */; };
		AC9B717D287D4FAE0063C765 /* TransactionList.swift in Sources */ = {isa = PBXBuildFile; fileRef = AC9B717C287D4FAE0063C765 /* TransactionList.swift */; };
		ACA9A3EC28520BEB00AF3D6C /* UIAlertcontroller.swift in Sources */ = {isa = PBXBuildFile; fileRef = ACA9A3EB28520BEB00AF3D6C /* UIAlertcontroller.swift */; };
		ACAFDE372848D198005EE8B6 /* NewIncome.swift in Sources */ = {isa = PBXBuildFile; fileRef = ACAFDE362848D198005EE8B6 /* NewIncome.swift */; };
		ACB509DF283CCD43005C07FD /* HomeMoneyManagementApp.swift in Sources */ = {isa = PBXBuildFile; fileRef = ACB509DE283CCD43005C07FD /* HomeMoneyManagementApp.swift */; };
		ACB509E1283CCD43005C07FD /* ContentView.swift in Sources */ = {isa = PBXBuildFile; fileRef = ACB509E0283CCD43005C07FD /* ContentView.swift */; };
		ACB509E3283CCD43005C07FD /* Assets.xcassets in Resources */ = {isa = PBXBuildFile; fileRef = ACB509E2283CCD43005C07FD /* Assets.xcassets */; };
		ACB509E6283CCD43005C07FD /* Preview Assets.xcassets in Resources */ = {isa = PBXBuildFile; fileRef = ACB509E5283CCD43005C07FD /* Preview Assets.xcassets */; };
		ACB509F0283CCD43005C07FD /* HomeMoneyManagementTests.swift in Sources */ = {isa = PBXBuildFile; fileRef = ACB509EF283CCD43005C07FD /* HomeMoneyManagementTests.swift */; };
		ACB509FA283CCD43005C07FD /* HomeMoneyManagementUITests.swift in Sources */ = {isa = PBXBuildFile; fileRef = ACB509F9283CCD43005C07FD /* HomeMoneyManagementUITests.swift */; };
		ACB509FC283CCD43005C07FD /* HomeMoneyManagementUITestsLaunchTests.swift in Sources */ = {isa = PBXBuildFile; fileRef = ACB509FB283CCD43005C07FD /* HomeMoneyManagementUITestsLaunchTests.swift */; };
		ACB50A09283CDE1B005C07FD /* HomeFlashScreen.swift in Sources */ = {isa = PBXBuildFile; fileRef = ACB50A08283CDE1B005C07FD /* HomeFlashScreen.swift */; };
		ACB50A0B283CE5CE005C07FD /* FirstScreen.swift in Sources */ = {isa = PBXBuildFile; fileRef = ACB50A0A283CE5CE005C07FD /* FirstScreen.swift */; };
		ACE519772876E12E0074C4DE /* INEXPickerView.swift in Sources */ = {isa = PBXBuildFile; fileRef = ACE519762876E12E0074C4DE /* INEXPickerView.swift */; };
		ACF3AE13287407C700B74EE9 /* AnimatedSplashScreen.swift in Sources */ = {isa = PBXBuildFile; fileRef = ACF3AE12287407C700B74EE9 /* AnimatedSplashScreen.swift */; };
		ACF3AE1628741CE900B74EE9 /* Extension.swift in Sources */ = {isa = PBXBuildFile; fileRef = ACF3AE1528741CE900B74EE9 /* Extension.swift */; };
		ACFF14DE2842152C0054E07F /* LoginScreenModel.swift in Sources */ = {isa = PBXBuildFile; fileRef = ACFF14DD2842152C0054E07F /* LoginScreenModel.swift */; };
		ACFF14E0284215740054E07F /* LoginScreen.swift in Sources */ = {isa = PBXBuildFile; fileRef = ACFF14DF284215740054E07F /* LoginScreen.swift */; };
		ACFF14E5284216180054E07F /* Raleway-SemiBold.ttf in Resources */ = {isa = PBXBuildFile; fileRef = ACFF14E2284216180054E07F /* Raleway-SemiBold.ttf */; };
		ACFF14E6284216180054E07F /* Raleway-Regular.ttf in Resources */ = {isa = PBXBuildFile; fileRef = ACFF14E3284216180054E07F /* Raleway-Regular.ttf */; };
		ACFF14E7284216180054E07F /* Raleway-Bold.ttf in Resources */ = {isa = PBXBuildFile; fileRef = ACFF14E4284216180054E07F /* Raleway-Bold.ttf */; };
		ACFF14EA28421BB30054E07F /* CustomCorner.swift in Sources */ = {isa = PBXBuildFile; fileRef = ACFF14E928421BB30054E07F /* CustomCorner.swift */; };
/* End PBXBuildFile section */

/* Begin PBXContainerItemProxy section */
		ACB509EC283CCD43005C07FD /* PBXContainerItemProxy */ = {
			isa = PBXContainerItemProxy;
			containerPortal = ACB509D3283CCD43005C07FD /* Project object */;
			proxyType = 1;
			remoteGlobalIDString = ACB509DA283CCD43005C07FD;
			remoteInfo = HomeMoneyManagement;
		};
		ACB509F6283CCD43005C07FD /* PBXContainerItemProxy */ = {
			isa = PBXContainerItemProxy;
			containerPortal = ACB509D3283CCD43005C07FD /* Project object */;
			proxyType = 1;
			remoteGlobalIDString = ACB509DA283CCD43005C07FD;
			remoteInfo = HomeMoneyManagement;
		};
/* End PBXContainerItemProxy section */

/* Begin PBXFileReference section */
		AC0FA9FC2850AAA300707CFA /* ValidationExtension.swift */ = {isa = PBXFileReference; lastKnownFileType = sourcecode.swift; path = ValidationExtension.swift; sourceTree = "<group>"; };
		AC5708C4283F834F0013F420 /* ExpenseCard.swift */ = {isa = PBXFileReference; lastKnownFileType = sourcecode.swift; path = ExpenseCard.swift; sourceTree = "<group>"; };
		AC5708CA283F94B30013F420 /* FilteringDetailView.swift */ = {isa = PBXFileReference; lastKnownFileType = sourcecode.swift; path = FilteringDetailView.swift; sourceTree = "<group>"; };
		AC576267283E01AE0050A4F4 /* TabCurveView.swift */ = {isa = PBXFileReference; lastKnownFileType = sourcecode.swift; path = TabCurveView.swift; sourceTree = "<group>"; };
		AC57626C283E1A020050A4F4 /* Expense.swift */ = {isa = PBXFileReference; lastKnownFileType = sourcecode.swift; path = Expense.swift; sourceTree = "<group>"; };
		AC57626E283E1CB50050A4F4 /* ExpenseViewModel.swift */ = {isa = PBXFileReference; lastKnownFileType = sourcecode.swift; path = ExpenseViewModel.swift; sourceTree = "<group>"; };
		AC576270283E3DE50050A4F4 /* TransactionCardView.swift */ = {isa = PBXFileReference; lastKnownFileType = sourcecode.swift; path = TransactionCardView.swift; sourceTree = "<group>"; };
		AC6586552845FF2800E61423 /* CircleTabBar.swift */ = {isa = PBXFileReference; lastKnownFileType = sourcecode.swift; path = CircleTabBar.swift; sourceTree = "<group>"; };
		AC76565628802ECE005B917A /* TransactionSearchView.swift */ = {isa = PBXFileReference; lastKnownFileType = sourcecode.swift; path = TransactionSearchView.swift; sourceTree = "<group>"; };
		AC7761202840A9380032A8A1 /* NewExpense.swift */ = {isa = PBXFileReference; lastKnownFileType = sourcecode.swift; path = NewExpense.swift; sourceTree = "<group>"; };
		AC7761222840B4900032A8A1 /* CustomSegmentedView.swift */ = {isa = PBXFileReference; lastKnownFileType = sourcecode.swift; path = CustomSegmentedView.swift; sourceTree = "<group>"; };
		AC78FDDB287948850090F2F4 /* AppBAr.swift */ = {isa = PBXFileReference; lastKnownFileType = sourcecode.swift; path = AppBAr.swift; sourceTree = "<group>"; };
		AC78FDE1287961190090F2F4 /* Task.swift */ = {isa = PBXFileReference; fileEncoding = 4; lastKnownFileType = sourcecode.swift; path = Task.swift; sourceTree = "<group>"; };
		AC78FDE32879613C0090F2F4 /* TaskViewModel.swift */ = {isa = PBXFileReference; fileEncoding = 4; lastKnownFileType = sourcecode.swift; path = TaskViewModel.swift; sourceTree = "<group>"; };
		AC78FDE52879614B0090F2F4 /* TaskListView.swift */ = {isa = PBXFileReference; fileEncoding = 4; lastKnownFileType = sourcecode.swift; path = TaskListView.swift; sourceTree = "<group>"; };
		AC78FDE7287961550090F2F4 /* SortPickerView.swift */ = {isa = PBXFileReference; fileEncoding = 4; lastKnownFileType = sourcecode.swift; path = SortPickerView.swift; sourceTree = "<group>"; };
		AC78FDE92879615E0090F2F4 /* AddTaskView.swift */ = {isa = PBXFileReference; fileEncoding = 4; lastKnownFileType = sourcecode.swift; path = AddTaskView.swift; sourceTree = "<group>"; };
		AC78FDEB287961650090F2F4 /* TaskSearchView.swift */ = {isa = PBXFileReference; fileEncoding = 4; lastKnownFileType = sourcecode.swift; path = TaskSearchView.swift; sourceTree = "<group>"; };
		AC78FDED2879617E0090F2F4 /* TaskView.swift */ = {isa = PBXFileReference; fileEncoding = 4; lastKnownFileType = sourcecode.swift; path = TaskView.swift; sourceTree = "<group>"; };
		AC78FDEF287961A20090F2F4 /* MainViewModifier.swift */ = {isa = PBXFileReference; fileEncoding = 4; lastKnownFileType = sourcecode.swift; path = MainViewModifier.swift; sourceTree = "<group>"; };
		AC78FDF1287961B80090F2F4 /* KeyBoardExtension.swift */ = {isa = PBXFileReference; fileEncoding = 4; lastKnownFileType = sourcecode.swift; path = KeyBoardExtension.swift; sourceTree = "<group>"; };
		AC78FDF3287962090090F2F4 /* TaskMainView.swift */ = {isa = PBXFileReference; lastKnownFileType = sourcecode.swift; path = TaskMainView.swift; sourceTree = "<group>"; };
		AC9B717C287D4FAE0063C765 /* TransactionList.swift */ = {isa = PBXFileReference; lastKnownFileType = sourcecode.swift; path = TransactionList.swift; sourceTree = "<group>"; };
		ACA9A3EB28520BEB00AF3D6C /* UIAlertcontroller.swift */ = {isa = PBXFileReference; lastKnownFileType = sourcecode.swift; path = UIAlertcontroller.swift; sourceTree = "<group>"; };
		ACAFDE362848D198005EE8B6 /* NewIncome.swift */ = {isa = PBXFileReference; lastKnownFileType = sourcecode.swift; path = NewIncome.swift; sourceTree = "<group>"; };
		ACB509DB283CCD43005C07FD /* HomeMoneyManagement.app */ = {isa = PBXFileReference; explicitFileType = wrapper.application; includeInIndex = 0; path = HomeMoneyManagement.app; sourceTree = BUILT_PRODUCTS_DIR; };
		ACB509DE283CCD43005C07FD /* HomeMoneyManagementApp.swift */ = {isa = PBXFileReference; lastKnownFileType = sourcecode.swift; path = HomeMoneyManagementApp.swift; sourceTree = "<group>"; };
		ACB509E0283CCD43005C07FD /* ContentView.swift */ = {isa = PBXFileReference; lastKnownFileType = sourcecode.swift; path = ContentView.swift; sourceTree = "<group>"; };
		ACB509E2283CCD43005C07FD /* Assets.xcassets */ = {isa = PBXFileReference; lastKnownFileType = folder.assetcatalog; path = Assets.xcassets; sourceTree = "<group>"; };
		ACB509E5283CCD43005C07FD /* Preview Assets.xcassets */ = {isa = PBXFileReference; lastKnownFileType = folder.assetcatalog; path = "Preview Assets.xcassets"; sourceTree = "<group>"; };
		ACB509EB283CCD43005C07FD /* HomeMoneyManagementTests.xctest */ = {isa = PBXFileReference; explicitFileType = wrapper.cfbundle; includeInIndex = 0; path = HomeMoneyManagementTests.xctest; sourceTree = BUILT_PRODUCTS_DIR; };
		ACB509EF283CCD43005C07FD /* HomeMoneyManagementTests.swift */ = {isa = PBXFileReference; lastKnownFileType = sourcecode.swift; path = HomeMoneyManagementTests.swift; sourceTree = "<group>"; };
		ACB509F5283CCD43005C07FD /* HomeMoneyManagementUITests.xctest */ = {isa = PBXFileReference; explicitFileType = wrapper.cfbundle; includeInIndex = 0; path = HomeMoneyManagementUITests.xctest; sourceTree = BUILT_PRODUCTS_DIR; };
		ACB509F9283CCD43005C07FD /* HomeMoneyManagementUITests.swift */ = {isa = PBXFileReference; lastKnownFileType = sourcecode.swift; path = HomeMoneyManagementUITests.swift; sourceTree = "<group>"; };
		ACB509FB283CCD43005C07FD /* HomeMoneyManagementUITestsLaunchTests.swift */ = {isa = PBXFileReference; lastKnownFileType = sourcecode.swift; path = HomeMoneyManagementUITestsLaunchTests.swift; sourceTree = "<group>"; };
		ACB50A08283CDE1B005C07FD /* HomeFlashScreen.swift */ = {isa = PBXFileReference; lastKnownFileType = sourcecode.swift; path = HomeFlashScreen.swift; sourceTree = "<group>"; };
		ACB50A0A283CE5CE005C07FD /* FirstScreen.swift */ = {isa = PBXFileReference; lastKnownFileType = sourcecode.swift; path = FirstScreen.swift; sourceTree = "<group>"; };
		ACE519762876E12E0074C4DE /* INEXPickerView.swift */ = {isa = PBXFileReference; lastKnownFileType = sourcecode.swift; path = INEXPickerView.swift; sourceTree = "<group>"; };
		ACF3AE12287407C700B74EE9 /* AnimatedSplashScreen.swift */ = {isa = PBXFileReference; lastKnownFileType = sourcecode.swift; path = AnimatedSplashScreen.swift; sourceTree = "<group>"; };
		ACF3AE1528741CE900B74EE9 /* Extension.swift */ = {isa = PBXFileReference; lastKnownFileType = sourcecode.swift; path = Extension.swift; sourceTree = "<group>"; };
		ACFF14DD2842152C0054E07F /* LoginScreenModel.swift */ = {isa = PBXFileReference; lastKnownFileType = sourcecode.swift; path = LoginScreenModel.swift; sourceTree = "<group>"; };
		ACFF14DF284215740054E07F /* LoginScreen.swift */ = {isa = PBXFileReference; lastKnownFileType = sourcecode.swift; path = LoginScreen.swift; sourceTree = "<group>"; };
		ACFF14E2284216180054E07F /* Raleway-SemiBold.ttf */ = {isa = PBXFileReference; lastKnownFileType = file; path = "Raleway-SemiBold.ttf"; sourceTree = "<group>"; };
		ACFF14E3284216180054E07F /* Raleway-Regular.ttf */ = {isa = PBXFileReference; lastKnownFileType = file; path = "Raleway-Regular.ttf"; sourceTree = "<group>"; };
		ACFF14E4284216180054E07F /* Raleway-Bold.ttf */ = {isa = PBXFileReference; lastKnownFileType = file; path = "Raleway-Bold.ttf"; sourceTree = "<group>"; };
		ACFF14E828421A460054E07F /* Info.plist */ = {isa = PBXFileReference; lastKnownFileType = text.plist; path = Info.plist; sourceTree = "<group>"; };
		ACFF14E928421BB30054E07F /* CustomCorner.swift */ = {isa = PBXFileReference; fileEncoding = 4; lastKnownFileType = sourcecode.swift; path = CustomCorner.swift; sourceTree = "<group>"; };
/* End PBXFileReference section */

/* Begin PBXFrameworksBuildPhase section */
		ACB509D8283CCD43005C07FD /* Frameworks */ = {
			isa = PBXFrameworksBuildPhase;
			buildActionMask = 2147483647;
			files = (
			);
			runOnlyForDeploymentPostprocessing = 0;
		};
		ACB509E8283CCD43005C07FD /* Frameworks */ = {
			isa = PBXFrameworksBuildPhase;
			buildActionMask = 2147483647;
			files = (
			);
			runOnlyForDeploymentPostprocessing = 0;
		};
		ACB509F2283CCD43005C07FD /* Frameworks */ = {
			isa = PBXFrameworksBuildPhase;
			buildActionMask = 2147483647;
			files = (
			);
			runOnlyForDeploymentPostprocessing = 0;
		};
/* End PBXFrameworksBuildPhase section */

/* Begin PBXGroup section */
		AC0FA9F92850AA5F00707CFA /* Validation */ = {
			isa = PBXGroup;
			children = (
				AC0FA9FC2850AAA300707CFA /* ValidationExtension.swift */,
				ACA9A3EB28520BEB00AF3D6C /* UIAlertcontroller.swift */,
			);
			path = Validation;
			sourceTree = "<group>";
		};
		AC5708C1283F83050013F420 /* GradientView */ = {
			isa = PBXGroup;
			children = (
				AC7761222840B4900032A8A1 /* CustomSegmentedView.swift */,
				AC5708C4283F834F0013F420 /* ExpenseCard.swift */,
				ACFF14E928421BB30054E07F /* CustomCorner.swift */,
				ACE519762876E12E0074C4DE /* INEXPickerView.swift */,
				AC78FDDB287948850090F2F4 /* AppBAr.swift */,
			);
			path = GradientView;
			sourceTree = "<group>";
		};
		AC57626B283E19E60050A4F4 /* ViewModel */ = {
			isa = PBXGroup;
			children = (
				AC78FDE32879613C0090F2F4 /* TaskViewModel.swift */,
				AC57626E283E1CB50050A4F4 /* ExpenseViewModel.swift */,
				ACFF14DD2842152C0054E07F /* LoginScreenModel.swift */,
			);
			path = ViewModel;
			sourceTree = "<group>";
		};
		AC78FDDD28795ECD0090F2F4 /* HomeMoney */ = {
			isa = PBXGroup;
			children = (
				AC7761202840A9380032A8A1 /* NewExpense.swift */,
				ACB50A0A283CE5CE005C07FD /* FirstScreen.swift */,
				AC576270283E3DE50050A4F4 /* TransactionCardView.swift */,
				AC9B717C287D4FAE0063C765 /* TransactionList.swift */,
				AC5708CA283F94B30013F420 /* FilteringDetailView.swift */,
				AC76565628802ECE005B917A /* TransactionSearchView.swift */,
			);
			path = HomeMoney;
			sourceTree = "<group>";
		};
		AC78FDDE28795EE40090F2F4 /* Task */ = {
			isa = PBXGroup;
			children = (
				AC78FDF1287961B80090F2F4 /* KeyBoardExtension.swift */,
				AC78FDEF287961A20090F2F4 /* MainViewModifier.swift */,
				AC78FDED2879617E0090F2F4 /* TaskView.swift */,
				AC78FDE52879614B0090F2F4 /* TaskListView.swift */,
				AC78FDEB287961650090F2F4 /* TaskSearchView.swift */,
				AC78FDE92879615E0090F2F4 /* AddTaskView.swift */,
				AC78FDE7287961550090F2F4 /* SortPickerView.swift */,
				AC78FDF3287962090090F2F4 /* TaskMainView.swift */,
			);
			path = Task;
			sourceTree = "<group>";
		};
		ACB509D2283CCD43005C07FD = {
			isa = PBXGroup;
			children = (
				ACB509DD283CCD43005C07FD /* HomeMoneyManagement */,
				ACB509EE283CCD43005C07FD /* HomeMoneyManagementTests */,
				ACB509F8283CCD43005C07FD /* HomeMoneyManagementUITests */,
				ACB509E2283CCD43005C07FD /* Assets.xcassets */,
				ACB509DC283CCD43005C07FD /* Products */,
			);
			sourceTree = "<group>";
		};
		ACB509DC283CCD43005C07FD /* Products */ = {
			isa = PBXGroup;
			children = (
				ACB509DB283CCD43005C07FD /* HomeMoneyManagement.app */,
				ACB509EB283CCD43005C07FD /* HomeMoneyManagementTests.xctest */,
				ACB509F5283CCD43005C07FD /* HomeMoneyManagementUITests.xctest */,
			);
			name = Products;
			sourceTree = "<group>";
		};
		ACB509DD283CCD43005C07FD /* HomeMoneyManagement */ = {
			isa = PBXGroup;
			children = (
				ACF3AE1428741CD200B74EE9 /* Helper */,
				ACF3AE11287407A900B74EE9 /* Animation */,
				AC0FA9F92850AA5F00707CFA /* Validation */,
				ACFF14E828421A460054E07F /* Info.plist */,
				ACFF14E1284216180054E07F /* Fonts */,
				AC57626B283E19E60050A4F4 /* ViewModel */,
				ACB50A0D283CE728005C07FD /* Model */,
				ACB509E4283CCD43005C07FD /* Preview Content */,
				ACB50A0C283CE6E2005C07FD /* View */,
				ACB509DE283CCD43005C07FD /* HomeMoneyManagementApp.swift */,
				ACB509E0283CCD43005C07FD /* ContentView.swift */,
			);
			path = HomeMoneyManagement;
			sourceTree = "<group>";
		};
		ACB509E4283CCD43005C07FD /* Preview Content */ = {
			isa = PBXGroup;
			children = (
				ACB509E5283CCD43005C07FD /* Preview Assets.xcassets */,
			);
			path = "Preview Content";
			sourceTree = "<group>";
		};
		ACB509EE283CCD43005C07FD /* HomeMoneyManagementTests */ = {
			isa = PBXGroup;
			children = (
				ACB509EF283CCD43005C07FD /* HomeMoneyManagementTests.swift */,
			);
			path = HomeMoneyManagementTests;
			sourceTree = "<group>";
		};
		ACB509F8283CCD43005C07FD /* HomeMoneyManagementUITests */ = {
			isa = PBXGroup;
			children = (
				ACB509F9283CCD43005C07FD /* HomeMoneyManagementUITests.swift */,
				ACB509FB283CCD43005C07FD /* HomeMoneyManagementUITestsLaunchTests.swift */,
			);
			path = HomeMoneyManagementUITests;
			sourceTree = "<group>";
		};
		ACB50A0C283CE6E2005C07FD /* View */ = {
			isa = PBXGroup;
			children = (
				AC5708C1283F83050013F420 /* GradientView */,
				AC78FDDE28795EE40090F2F4 /* Task */,
				AC78FDDD28795ECD0090F2F4 /* HomeMoney */,
				ACB50A08283CDE1B005C07FD /* HomeFlashScreen.swift */,
				ACFF14DF284215740054E07F /* LoginScreen.swift */,
				AC576267283E01AE0050A4F4 /* TabCurveView.swift */,
				AC6586552845FF2800E61423 /* CircleTabBar.swift */,
				ACAFDE362848D198005EE8B6 /* NewIncome.swift */,
			);
			path = View;
			sourceTree = "<group>";
		};
		ACB50A0D283CE728005C07FD /* Model */ = {
			isa = PBXGroup;
			children = (
				AC78FDE1287961190090F2F4 /* Task.swift */,
				AC57626C283E1A020050A4F4 /* Expense.swift */,
			);
			path = Model;
			sourceTree = "<group>";
		};
		ACF3AE11287407A900B74EE9 /* Animation */ = {
			isa = PBXGroup;
			children = (
				ACF3AE12287407C700B74EE9 /* AnimatedSplashScreen.swift */,
			);
			path = Animation;
			sourceTree = "<group>";
		};
		ACF3AE1428741CD200B74EE9 /* Helper */ = {
			isa = PBXGroup;
			children = (
				ACF3AE1528741CE900B74EE9 /* Extension.swift */,
			);
			path = Helper;
			sourceTree = "<group>";
		};
		ACFF14E1284216180054E07F /* Fonts */ = {
			isa = PBXGroup;
			children = (
				ACFF14E2284216180054E07F /* Raleway-SemiBold.ttf */,
				ACFF14E3284216180054E07F /* Raleway-Regular.ttf */,
				ACFF14E4284216180054E07F /* Raleway-Bold.ttf */,
			);
			path = Fonts;
			sourceTree = "<group>";
		};
/* End PBXGroup section */

/* Begin PBXNativeTarget section */
		ACB509DA283CCD43005C07FD /* HomeMoneyManagement */ = {
			isa = PBXNativeTarget;
			buildConfigurationList = ACB509FF283CCD43005C07FD /* Build configuration list for PBXNativeTarget "HomeMoneyManagement" */;
			buildPhases = (
				ACB509D7283CCD43005C07FD /* Sources */,
				ACB509D8283CCD43005C07FD /* Frameworks */,
				ACB509D9283CCD43005C07FD /* Resources */,
			);
			buildRules = (
			);
			dependencies = (
			);
			name = HomeMoneyManagement;
			productName = HomeMoneyManagement;
			productReference = ACB509DB283CCD43005C07FD /* HomeMoneyManagement.app */;
			productType = "com.apple.product-type.application";
		};
		ACB509EA283CCD43005C07FD /* HomeMoneyManagementTests */ = {
			isa = PBXNativeTarget;
			buildConfigurationList = ACB50A02283CCD43005C07FD /* Build configuration list for PBXNativeTarget "HomeMoneyManagementTests" */;
			buildPhases = (
				ACB509E7283CCD43005C07FD /* Sources */,
				ACB509E8283CCD43005C07FD /* Frameworks */,
				ACB509E9283CCD43005C07FD /* Resources */,
			);
			buildRules = (
			);
			dependencies = (
				ACB509ED283CCD43005C07FD /* PBXTargetDependency */,
			);
			name = HomeMoneyManagementTests;
			productName = HomeMoneyManagementTests;
			productReference = ACB509EB283CCD43005C07FD /* HomeMoneyManagementTests.xctest */;
			productType = "com.apple.product-type.bundle.unit-test";
		};
		ACB509F4283CCD43005C07FD /* HomeMoneyManagementUITests */ = {
			isa = PBXNativeTarget;
			buildConfigurationList = ACB50A05283CCD43005C07FD /* Build configuration list for PBXNativeTarget "HomeMoneyManagementUITests" */;
			buildPhases = (
				ACB509F1283CCD43005C07FD /* Sources */,
				ACB509F2283CCD43005C07FD /* Frameworks */,
				ACB509F3283CCD43005C07FD /* Resources */,
			);
			buildRules = (
			);
			dependencies = (
				ACB509F7283CCD43005C07FD /* PBXTargetDependency */,
			);
			name = HomeMoneyManagementUITests;
			productName = HomeMoneyManagementUITests;
			productReference = ACB509F5283CCD43005C07FD /* HomeMoneyManagementUITests.xctest */;
			productType = "com.apple.product-type.bundle.ui-testing";
		};
/* End PBXNativeTarget section */

/* Begin PBXProject section */
		ACB509D3283CCD43005C07FD /* Project object */ = {
			isa = PBXProject;
			attributes = {
				BuildIndependentTargetsInParallel = 1;
				LastSwiftUpdateCheck = 1330;
				LastUpgradeCheck = 1330;
				TargetAttributes = {
					ACB509DA283CCD43005C07FD = {
						CreatedOnToolsVersion = 13.3;
					};
					ACB509EA283CCD43005C07FD = {
						CreatedOnToolsVersion = 13.3;
						TestTargetID = ACB509DA283CCD43005C07FD;
					};
					ACB509F4283CCD43005C07FD = {
						CreatedOnToolsVersion = 13.3;
						TestTargetID = ACB509DA283CCD43005C07FD;
					};
				};
			};
			buildConfigurationList = ACB509D6283CCD43005C07FD /* Build configuration list for PBXProject "HomeMoneyManagement" */;
			compatibilityVersion = "Xcode 13.0";
			developmentRegion = en;
			hasScannedForEncodings = 0;
			knownRegions = (
				en,
				Base,
			);
			mainGroup = ACB509D2283CCD43005C07FD;
			productRefGroup = ACB509DC283CCD43005C07FD /* Products */;
			projectDirPath = "";
			projectRoot = "";
			targets = (
				ACB509DA283CCD43005C07FD /* HomeMoneyManagement */,
				ACB509EA283CCD43005C07FD /* HomeMoneyManagementTests */,
				ACB509F4283CCD43005C07FD /* HomeMoneyManagementUITests */,
			);
		};
/* End PBXProject section */

/* Begin PBXResourcesBuildPhase section */
		ACB509D9283CCD43005C07FD /* Resources */ = {
			isa = PBXResourcesBuildPhase;
			buildActionMask = 2147483647;
			files = (
				ACFF14E5284216180054E07F /* Raleway-SemiBold.ttf in Resources */,
				ACB509E6283CCD43005C07FD /* Preview Assets.xcassets in Resources */,
				ACB509E3283CCD43005C07FD /* Assets.xcassets in Resources */,
				ACFF14E7284216180054E07F /* Raleway-Bold.ttf in Resources */,
				ACFF14E6284216180054E07F /* Raleway-Regular.ttf in Resources */,
			);
			runOnlyForDeploymentPostprocessing = 0;
		};
		ACB509E9283CCD43005C07FD /* Resources */ = {
			isa = PBXResourcesBuildPhase;
			buildActionMask = 2147483647;
			files = (
			);
			runOnlyForDeploymentPostprocessing = 0;
		};
		ACB509F3283CCD43005C07FD /* Resources */ = {
			isa = PBXResourcesBuildPhase;
			buildActionMask = 2147483647;
			files = (
			);
			runOnlyForDeploymentPostprocessing = 0;
		};
/* End PBXResourcesBuildPhase section */

/* Begin PBXSourcesBuildPhase section */
		ACB509D7283CCD43005C07FD /* Sources */ = {
			isa = PBXSourcesBuildPhase;
			buildActionMask = 2147483647;
			files = (
				AC78FDF2287961B80090F2F4 /* KeyBoardExtension.swift in Sources */,
				AC78FDEA2879615E0090F2F4 /* AddTaskView.swift in Sources */,
				AC57626D283E1A020050A4F4 /* Expense.swift in Sources */,
				AC7761212840A9380032A8A1 /* NewExpense.swift in Sources */,
				AC78FDEE2879617E0090F2F4 /* TaskView.swift in Sources */,
				AC78FDF0287961A20090F2F4 /* MainViewModifier.swift in Sources */,
				AC57626F283E1CB50050A4F4 /* ExpenseViewModel.swift in Sources */,
				ACB50A0B283CE5CE005C07FD /* FirstScreen.swift in Sources */,
				ACFF14EA28421BB30054E07F /* CustomCorner.swift in Sources */,
				ACAFDE372848D198005EE8B6 /* NewIncome.swift in Sources */,
				AC576271283E3DE50050A4F4 /* TransactionCardView.swift in Sources */,
				ACFF14E0284215740054E07F /* LoginScreen.swift in Sources */,
				AC76565728802ECE005B917A /* TransactionSearchView.swift in Sources */,
				ACA9A3EC28520BEB00AF3D6C /* UIAlertcontroller.swift in Sources */,
				ACB509E1283CCD43005C07FD /* ContentView.swift in Sources */,
				AC0FA9FD2850AAA300707CFA /* ValidationExtension.swift in Sources */,
				AC5708C5283F834F0013F420 /* ExpenseCard.swift in Sources */,
				AC78FDE2287961190090F2F4 /* Task.swift in Sources */,
				ACFF14DE2842152C0054E07F /* LoginScreenModel.swift in Sources */,
				AC78FDDC287948850090F2F4 /* AppBAr.swift in Sources */,
				ACE519772876E12E0074C4DE /* INEXPickerView.swift in Sources */,
				AC78FDE8287961550090F2F4 /* SortPickerView.swift in Sources */,
				AC7761232840B4900032A8A1 /* CustomSegmentedView.swift in Sources */,
				AC78FDEC287961650090F2F4 /* TaskSearchView.swift in Sources */,
				AC78FDF4287962090090F2F4 /* TaskMainView.swift in Sources */,
				ACF3AE1628741CE900B74EE9 /* Extension.swift in Sources */,
				AC78FDE42879613C0090F2F4 /* TaskViewModel.swift in Sources */,
				AC9B717D287D4FAE0063C765 /* TransactionList.swift in Sources */,
				AC78FDE62879614B0090F2F4 /* TaskListView.swift in Sources */,
				ACB50A09283CDE1B005C07FD /* HomeFlashScreen.swift in Sources */,
				AC576268283E01AE0050A4F4 /* TabCurveView.swift in Sources */,
				AC6586562845FF2800E61423 /* CircleTabBar.swift in Sources */,
				AC5708CB283F94B30013F420 /* FilteringDetailView.swift in Sources */,
				ACB509DF283CCD43005C07FD /* HomeMoneyManagementApp.swift in Sources */,
				ACF3AE13287407C700B74EE9 /* AnimatedSplashScreen.swift in Sources */,
			);
			runOnlyForDeploymentPostprocessing = 0;
		};
		ACB509E7283CCD43005C07FD /* Sources */ = {
			isa = PBXSourcesBuildPhase;
			buildActionMask = 2147483647;
			files = (
				ACB509F0283CCD43005C07FD /* HomeMoneyManagementTests.swift in Sources */,
			);
			runOnlyForDeploymentPostprocessing = 0;
		};
		ACB509F1283CCD43005C07FD /* Sources */ = {
			isa = PBXSourcesBuildPhase;
			buildActionMask = 2147483647;
			files = (
				ACB509FA283CCD43005C07FD /* HomeMoneyManagementUITests.swift in Sources */,
				ACB509FC283CCD43005C07FD /* HomeMoneyManagementUITestsLaunchTests.swift in Sources */,
			);
			runOnlyForDeploymentPostprocessing = 0;
		};
/* End PBXSourcesBuildPhase section */

/* Begin PBXTargetDependency section */
		ACB509ED283CCD43005C07FD /* PBXTargetDependency */ = {
			isa = PBXTargetDependency;
			target = ACB509DA283CCD43005C07FD /* HomeMoneyManagement */;
			targetProxy = ACB509EC283CCD43005C07FD /* PBXContainerItemProxy */;
		};
		ACB509F7283CCD43005C07FD /* PBXTargetDependency */ = {
			isa = PBXTargetDependency;
			target = ACB509DA283CCD43005C07FD /* HomeMoneyManagement */;
			targetProxy = ACB509F6283CCD43005C07FD /* PBXContainerItemProxy */;
		};
/* End PBXTargetDependency section */

/* Begin XCBuildConfiguration section */
		ACB509FD283CCD43005C07FD /* Debug */ = {
			isa = XCBuildConfiguration;
			buildSettings = {
				ALWAYS_SEARCH_USER_PATHS = NO;
				CLANG_ANALYZER_NONNULL = YES;
				CLANG_ANALYZER_NUMBER_OBJECT_CONVERSION = YES_AGGRESSIVE;
				CLANG_CXX_LANGUAGE_STANDARD = "gnu++17";
				CLANG_ENABLE_MODULES = YES;
				CLANG_ENABLE_OBJC_ARC = YES;
				CLANG_ENABLE_OBJC_WEAK = YES;
				CLANG_WARN_BLOCK_CAPTURE_AUTORELEASING = YES;
				CLANG_WARN_BOOL_CONVERSION = YES;
				CLANG_WARN_COMMA = YES;
				CLANG_WARN_CONSTANT_CONVERSION = YES;
				CLANG_WARN_DEPRECATED_OBJC_IMPLEMENTATIONS = YES;
				CLANG_WARN_DIRECT_OBJC_ISA_USAGE = YES_ERROR;
				CLANG_WARN_DOCUMENTATION_COMMENTS = YES;
				CLANG_WARN_EMPTY_BODY = YES;
				CLANG_WARN_ENUM_CONVERSION = YES;
				CLANG_WARN_INFINITE_RECURSION = YES;
				CLANG_WARN_INT_CONVERSION = YES;
				CLANG_WARN_NON_LITERAL_NULL_CONVERSION = YES;
				CLANG_WARN_OBJC_IMPLICIT_RETAIN_SELF = YES;
				CLANG_WARN_OBJC_LITERAL_CONVERSION = YES;
				CLANG_WARN_OBJC_ROOT_CLASS = YES_ERROR;
				CLANG_WARN_QUOTED_INCLUDE_IN_FRAMEWORK_HEADER = YES;
				CLANG_WARN_RANGE_LOOP_ANALYSIS = YES;
				CLANG_WARN_STRICT_PROTOTYPES = YES;
				CLANG_WARN_SUSPICIOUS_MOVE = YES;
				CLANG_WARN_UNGUARDED_AVAILABILITY = YES_AGGRESSIVE;
				CLANG_WARN_UNREACHABLE_CODE = YES;
				CLANG_WARN__DUPLICATE_METHOD_MATCH = YES;
				COPY_PHASE_STRIP = NO;
				DEBUG_INFORMATION_FORMAT = dwarf;
				ENABLE_STRICT_OBJC_MSGSEND = YES;
				ENABLE_TESTABILITY = YES;
				GCC_C_LANGUAGE_STANDARD = gnu11;
				GCC_DYNAMIC_NO_PIC = NO;
				GCC_NO_COMMON_BLOCKS = YES;
				GCC_OPTIMIZATION_LEVEL = 0;
				GCC_PREPROCESSOR_DEFINITIONS = (
					"DEBUG=1",
					"$(inherited)",
				);
				GCC_WARN_64_TO_32_BIT_CONVERSION = YES;
				GCC_WARN_ABOUT_RETURN_TYPE = YES_ERROR;
				GCC_WARN_UNDECLARED_SELECTOR = YES;
				GCC_WARN_UNINITIALIZED_AUTOS = YES_AGGRESSIVE;
				GCC_WARN_UNUSED_FUNCTION = YES;
				GCC_WARN_UNUSED_VARIABLE = YES;
				IPHONEOS_DEPLOYMENT_TARGET = 15.4;
				MTL_ENABLE_DEBUG_INFO = INCLUDE_SOURCE;
				MTL_FAST_MATH = YES;
				ONLY_ACTIVE_ARCH = YES;
				SDKROOT = iphoneos;
				SWIFT_ACTIVE_COMPILATION_CONDITIONS = DEBUG;
				SWIFT_OPTIMIZATION_LEVEL = "-Onone";
			};
			name = Debug;
		};
		ACB509FE283CCD43005C07FD /* Release */ = {
			isa = XCBuildConfiguration;
			buildSettings = {
				ALWAYS_SEARCH_USER_PATHS = NO;
				CLANG_ANALYZER_NONNULL = YES;
				CLANG_ANALYZER_NUMBER_OBJECT_CONVERSION = YES_AGGRESSIVE;
				CLANG_CXX_LANGUAGE_STANDARD = "gnu++17";
				CLANG_ENABLE_MODULES = YES;
				CLANG_ENABLE_OBJC_ARC = YES;
				CLANG_ENABLE_OBJC_WEAK = YES;
				CLANG_WARN_BLOCK_CAPTURE_AUTORELEASING = YES;
				CLANG_WARN_BOOL_CONVERSION = YES;
				CLANG_WARN_COMMA = YES;
				CLANG_WARN_CONSTANT_CONVERSION = YES;
				CLANG_WARN_DEPRECATED_OBJC_IMPLEMENTATIONS = YES;
				CLANG_WARN_DIRECT_OBJC_ISA_USAGE = YES_ERROR;
				CLANG_WARN_DOCUMENTATION_COMMENTS = YES;
				CLANG_WARN_EMPTY_BODY = YES;
				CLANG_WARN_ENUM_CONVERSION = YES;
				CLANG_WARN_INFINITE_RECURSION = YES;
				CLANG_WARN_INT_CONVERSION = YES;
				CLANG_WARN_NON_LITERAL_NULL_CONVERSION = YES;
				CLANG_WARN_OBJC_IMPLICIT_RETAIN_SELF = YES;
				CLANG_WARN_OBJC_LITERAL_CONVERSION = YES;
				CLANG_WARN_OBJC_ROOT_CLASS = YES_ERROR;
				CLANG_WARN_QUOTED_INCLUDE_IN_FRAMEWORK_HEADER = YES;
				CLANG_WARN_RANGE_LOOP_ANALYSIS = YES;
				CLANG_WARN_STRICT_PROTOTYPES = YES;
				CLANG_WARN_SUSPICIOUS_MOVE = YES;
				CLANG_WARN_UNGUARDED_AVAILABILITY = YES_AGGRESSIVE;
				CLANG_WARN_UNREACHABLE_CODE = YES;
				CLANG_WARN__DUPLICATE_METHOD_MATCH = YES;
				COPY_PHASE_STRIP = NO;
				DEBUG_INFORMATION_FORMAT = "dwarf-with-dsym";
				ENABLE_NS_ASSERTIONS = NO;
				ENABLE_STRICT_OBJC_MSGSEND = YES;
				GCC_C_LANGUAGE_STANDARD = gnu11;
				GCC_NO_COMMON_BLOCKS = YES;
				GCC_WARN_64_TO_32_BIT_CONVERSION = YES;
				GCC_WARN_ABOUT_RETURN_TYPE = YES_ERROR;
				GCC_WARN_UNDECLARED_SELECTOR = YES;
				GCC_WARN_UNINITIALIZED_AUTOS = YES_AGGRESSIVE;
				GCC_WARN_UNUSED_FUNCTION = YES;
				GCC_WARN_UNUSED_VARIABLE = YES;
				IPHONEOS_DEPLOYMENT_TARGET = 15.4;
				MTL_ENABLE_DEBUG_INFO = NO;
				MTL_FAST_MATH = YES;
				SDKROOT = iphoneos;
				SWIFT_COMPILATION_MODE = wholemodule;
				SWIFT_OPTIMIZATION_LEVEL = "-O";
				VALIDATE_PRODUCT = YES;
			};
			name = Release;
		};
		ACB50A00283CCD43005C07FD /* Debug */ = {
			isa = XCBuildConfiguration;
			buildSettings = {
				ASSETCATALOG_COMPILER_APPICON_NAME = AppIcon;
				ASSETCATALOG_COMPILER_GLOBAL_ACCENT_COLOR_NAME = AccentColor;
				CODE_SIGN_STYLE = Automatic;
				CURRENT_PROJECT_VERSION = 1;
				DEVELOPMENT_ASSET_PATHS = "\"HomeMoneyManagement/Preview Content\"";
				DEVELOPMENT_TEAM = LU893QGJWJ;
				ENABLE_PREVIEWS = YES;
				GENERATE_INFOPLIST_FILE = YES;
				INFOPLIST_FILE = HomeMoneyManagement/Info.plist;
				INFOPLIST_KEY_UIApplicationSceneManifest_Generation = YES;
				INFOPLIST_KEY_UIApplicationSupportsIndirectInputEvents = YES;
				INFOPLIST_KEY_UISupportedInterfaceOrientations_iPad = "UIInterfaceOrientationPortrait UIInterfaceOrientationPortraitUpsideDown UIInterfaceOrientationLandscapeLeft UIInterfaceOrientationLandscapeRight";
				INFOPLIST_KEY_UISupportedInterfaceOrientations_iPhone = "UIInterfaceOrientationPortrait UIInterfaceOrientationLandscapeLeft UIInterfaceOrientationLandscapeRight";
				LD_RUNPATH_SEARCH_PATHS = (
					"$(inherited)",
					"@executable_path/Frameworks",
				);
				MARKETING_VERSION = 1.0;
				PRODUCT_BUNDLE_IDENTIFIER = com.test.HomeMoneyManagement;
				PRODUCT_NAME = "$(TARGET_NAME)";
				SWIFT_EMIT_LOC_STRINGS = YES;
				SWIFT_VERSION = 5.0;
				TARGETED_DEVICE_FAMILY = "1,2";
			};
			name = Debug;
		};
		ACB50A01283CCD43005C07FD /* Release */ = {
			isa = XCBuildConfiguration;
			buildSettings = {
				ASSETCATALOG_COMPILER_APPICON_NAME = AppIcon;
				ASSETCATALOG_COMPILER_GLOBAL_ACCENT_COLOR_NAME = AccentColor;
				CODE_SIGN_STYLE = Automatic;
				CURRENT_PROJECT_VERSION = 1;
				DEVELOPMENT_ASSET_PATHS = "\"HomeMoneyManagement/Preview Content\"";
				DEVELOPMENT_TEAM = LU893QGJWJ;
				ENABLE_PREVIEWS = YES;
				GENERATE_INFOPLIST_FILE = YES;
				INFOPLIST_FILE = HomeMoneyManagement/Info.plist;
				INFOPLIST_KEY_UIApplicationSceneManifest_Generation = YES;
				INFOPLIST_KEY_UIApplicationSupportsIndirectInputEvents = YES;
				INFOPLIST_KEY_UISupportedInterfaceOrientations_iPad = "UIInterfaceOrientationPortrait UIInterfaceOrientationPortraitUpsideDown UIInterfaceOrientationLandscapeLeft UIInterfaceOrientationLandscapeRight";
				INFOPLIST_KEY_UISupportedInterfaceOrientations_iPhone = "UIInterfaceOrientationPortrait UIInterfaceOrientationLandscapeLeft UIInterfaceOrientationLandscapeRight";
				LD_RUNPATH_SEARCH_PATHS = (
					"$(inherited)",
					"@executable_path/Frameworks",
				);
				MARKETING_VERSION = 1.0;
				PRODUCT_BUNDLE_IDENTIFIER = com.test.HomeMoneyManagement;
				PRODUCT_NAME = "$(TARGET_NAME)";
				SWIFT_EMIT_LOC_STRINGS = YES;
				SWIFT_VERSION = 5.0;
				TARGETED_DEVICE_FAMILY = "1,2";
			};
			name = Release;
		};
		ACB50A03283CCD43005C07FD /* Debug */ = {
			isa = XCBuildConfiguration;
			buildSettings = {
				ALWAYS_EMBED_SWIFT_STANDARD_LIBRARIES = YES;
				BUNDLE_LOADER = "$(TEST_HOST)";
				CODE_SIGN_STYLE = Automatic;
				CURRENT_PROJECT_VERSION = 1;
				DEVELOPMENT_TEAM = LU893QGJWJ;
				GENERATE_INFOPLIST_FILE = YES;
				IPHONEOS_DEPLOYMENT_TARGET = 15.4;
				MARKETING_VERSION = 1.0;
				PRODUCT_BUNDLE_IDENTIFIER = com.test.HomeMoneyManagementTests;
				PRODUCT_NAME = "$(TARGET_NAME)";
				SWIFT_EMIT_LOC_STRINGS = NO;
				SWIFT_VERSION = 5.0;
				TARGETED_DEVICE_FAMILY = "1,2";
				TEST_HOST = "$(BUILT_PRODUCTS_DIR)/HomeMoneyManagement.app/HomeMoneyManagement";
			};
			name = Debug;
		};
		ACB50A04283CCD43005C07FD /* Release */ = {
			isa = XCBuildConfiguration;
			buildSettings = {
				ALWAYS_EMBED_SWIFT_STANDARD_LIBRARIES = YES;
				BUNDLE_LOADER = "$(TEST_HOST)";
				CODE_SIGN_STYLE = Automatic;
				CURRENT_PROJECT_VERSION = 1;
				DEVELOPMENT_TEAM = LU893QGJWJ;
				GENERATE_INFOPLIST_FILE = YES;
				IPHONEOS_DEPLOYMENT_TARGET = 15.4;
				MARKETING_VERSION = 1.0;
				PRODUCT_BUNDLE_IDENTIFIER = com.test.HomeMoneyManagementTests;
				PRODUCT_NAME = "$(TARGET_NAME)";
				SWIFT_EMIT_LOC_STRINGS = NO;
				SWIFT_VERSION = 5.0;
				TARGETED_DEVICE_FAMILY = "1,2";
				TEST_HOST = "$(BUILT_PRODUCTS_DIR)/HomeMoneyManagement.app/HomeMoneyManagement";
			};
			name = Release;
		};
		ACB50A06283CCD43005C07FD /* Debug */ = {
			isa = XCBuildConfiguration;
			buildSettings = {
				ALWAYS_EMBED_SWIFT_STANDARD_LIBRARIES = YES;
				CODE_SIGN_STYLE = Automatic;
				CURRENT_PROJECT_VERSION = 1;
				DEVELOPMENT_TEAM = LU893QGJWJ;
				GENERATE_INFOPLIST_FILE = YES;
				MARKETING_VERSION = 1.0;
				PRODUCT_BUNDLE_IDENTIFIER = com.test.HomeMoneyManagementUITests;
				PRODUCT_NAME = "$(TARGET_NAME)";
				SWIFT_EMIT_LOC_STRINGS = NO;
				SWIFT_VERSION = 5.0;
				TARGETED_DEVICE_FAMILY = "1,2";
				TEST_TARGET_NAME = HomeMoneyManagement;
			};
			name = Debug;
		};
		ACB50A07283CCD43005C07FD /* Release */ = {
			isa = XCBuildConfiguration;
			buildSettings = {
				ALWAYS_EMBED_SWIFT_STANDARD_LIBRARIES = YES;
				CODE_SIGN_STYLE = Automatic;
				CURRENT_PROJECT_VERSION = 1;
				DEVELOPMENT_TEAM = LU893QGJWJ;
				GENERATE_INFOPLIST_FILE = YES;
				MARKETING_VERSION = 1.0;
				PRODUCT_BUNDLE_IDENTIFIER = com.test.HomeMoneyManagementUITests;
				PRODUCT_NAME = "$(TARGET_NAME)";
				SWIFT_EMIT_LOC_STRINGS = NO;
				SWIFT_VERSION = 5.0;
				TARGETED_DEVICE_FAMILY = "1,2";
				TEST_TARGET_NAME = HomeMoneyManagement;
			};
			name = Release;
		};
/* End XCBuildConfiguration section */

/* Begin XCConfigurationList section */
		ACB509D6283CCD43005C07FD /* Build configuration list for PBXProject "HomeMoneyManagement" */ = {
			isa = XCConfigurationList;
			buildConfigurations = (
				ACB509FD283CCD43005C07FD /* Debug */,
				ACB509FE283CCD43005C07FD /* Release */,
			);
			defaultConfigurationIsVisible = 0;
			defaultConfigurationName = Release;
		};
		ACB509FF283CCD43005C07FD /* Build configuration list for PBXNativeTarget "HomeMoneyManagement" */ = {
			isa = XCConfigurationList;
			buildConfigurations = (
				ACB50A00283CCD43005C07FD /* Debug */,
				ACB50A01283CCD43005C07FD /* Release */,
			);
			defaultConfigurationIsVisible = 0;
			defaultConfigurationName = Release;
		};
		ACB50A02283CCD43005C07FD /* Build configuration list for PBXNativeTarget "HomeMoneyManagementTests" */ = {
			isa = XCConfigurationList;
			buildConfigurations = (
				ACB50A03283CCD43005C07FD /* Debug */,
				ACB50A04283CCD43005C07FD /* Release */,
			);
			defaultConfigurationIsVisible = 0;
			defaultConfigurationName = Release;
		};
		ACB50A05283CCD43005C07FD /* Build configuration list for PBXNativeTarget "HomeMoneyManagementUITests" */ = {
			isa = XCConfigurationList;
			buildConfigurations = (
				ACB50A06283CCD43005C07FD /* Debug */,
				ACB50A07283CCD43005C07FD /* Release */,
			);
			defaultConfigurationIsVisible = 0;
			defaultConfigurationName = Release;
		};
/* End XCConfigurationList section */
	};
	rootObject = ACB509D3283CCD43005C07FD /* Project object */;
}
